github.com/hit9/bitproto/lib/go v0.0.0-20240710011615-fe54415aecdd h1:mf90gCnFIzOgzt53unyEJxl1q3wEs7g32DTLWpfbz9s=
github.com/hit9/bitproto/lib/go v0.0.0-20240710011615-fe54415aecdd/go.mod h1:WN+TYCfaxIU95qhMbPEVKlK6QiDuE3NRklcst5ZhGcQ=
github.com/karalabe/hid v1.0.1-0.20240919124526-821c38d2678e h1:ryNJIEs1fyZNVwJ/Dsz7+EFZTow0ggBdnAIVo8SAs+A=
github.com/karalabe/hid v1.0.1-0.20240919124526-821c38d2678e/go.mod h1:qk1sX/IBgppQNcGCRoj90u6EGC056EBoIc1oEjCWla8=
